
Microsoft Visual Studio Solution File, Format Version 12.00
# Visual Studio Version 16
VisualStudioVersion = 16.0.31613.86
MinimumVisualStudioVersion = 10.0.40219.1
Project("{FAE04EC0-301F-11D3-BF4B-00C04F79EFBC}") = "ToDoIt4", "ToDoIt4\ToDoIt4.csproj", "{BB2B3E10-61CF-4CEE-B857-A264CE30E659}"
EndProject
Project("{FAE04EC0-301F-11D3-BF4B-00C04F79EFBC}") = "ToDoIt4.Tests", "ToDoIt4.Tests\ToDoIt4.Tests.csproj", "{50E8F269-9348-4096-BACE-90314DE3212E}"
EndProject
Global
	GlobalSection(SolutionConfigurationPlatforms) = preSolution
		Debug|Any CPU = Debug|Any CPU
		Release|Any CPU = Release|Any CPU
	EndGlobalSection
	GlobalSection(ProjectConfigurationPlatforms) = postSolution
		{BB2B3E10-61CF-4CEE-B857-A264CE30E659}.Debug|Any CPU.ActiveCfg = Debug|Any CPU
		{BB2B3E10-61CF-4CEE-B857-A264CE30E659}.Debug|Any CPU.Build.0 = Debug|Any CPU
		{BB2B3E10-61CF-4CEE-B857-A264CE30E659}.Release|Any CPU.ActiveCfg = Release|Any CPU
		{BB2B3E10-61CF-4CEE-B857-A264CE30E659}.Release|Any CPU.Build.0 = Release|Any CPU
		{50E8F269-9348-4096-BACE-90314DE3212E}.Debug|Any CPU.ActiveCfg = Debug|Any CPU
		{50E8F269-9348-4096-BACE-90314DE3212E}.Debug|Any CPU.Build.0 = Debug|Any CPU
		{50E8F269-9348-4096-BACE-90314DE3212E}.Release|Any CPU.ActiveCfg = Release|Any CPU
		{50E8F269-9348-4096-BACE-90314DE3212E}.Release|Any CPU.Build.0 = Release|Any CPU
	EndGlobalSection
	GlobalSection(SolutionProperties) = preSolution
		HideSolutionNode = FALSE
	EndGlobalSection
	GlobalSection(ExtensibilityGlobals) = postSolution
		SolutionGuid = {E2ED5FD4-7084-49CF-8835-41DA642F1807}
	EndGlobalSection
EndGlobal
